github.com/armon/go-proxyproto v0.1.0 h1:TWWcSsjco7o2itn6r25/5AqKBiWmsiuzsUDLT/MTl7k=
github.com/armon/go-proxyproto v0.1.0/go.mod h1:Xj90dce2VKbHzRAeiVQAMBtj4M5oidoXJ8lmgyW21mw=
github.com/davecgh/go-spew v1.1.1 h1:vj9j/u1bqnvCEfJOwUhtlOARqs3+rkHYY13jYWTU97c=
github.com/davecgh/go-spew v1.1.1/go.mod h1:J7Y8YcW2NihsgmVo/mv3lAwl/skON4iLHjSsI+c5H38=
github.com/pkg/errors v0.9.1 h1:FEBLx1zS214owpjy7qsBeixbURkuhQAwrK5UwLGTwt4=
github.com/pkg/errors v0.9.1/go.mod h1:bwawxfHBFNV+L2hUp1rHADufV3IMtnDRdf1r5NINEl0=
github.com/pmezard/go-difflib v1.0.0 h1:4DBwDE0NGyQoBHbLQYPwSUPoCMWR5BEzIk/f1lZbAQM=
github.com/pmezard/go-difflib v1.0.0/go.mod h1:iKH77koFhYxTK1pcRnkKkqfTogsbg7gZNVY4sRDYZ/4=
github.com/quickfixgo/enum v0.1.0 h1:TnCPOqxAWA5/IWp7lsvj97x7oyuHYgj3STBJlBzZGjM=
github.com/quickfixgo/enum v0.1.0/go.mod h1:65gdG2/8vr6uOYcjZBObVHMuTEYc5rr/+aKVWTrFIrQ=
github.com/quickfixgo/field v0.1.0 h1:JVO6fVD6Nkyy8e/ROYQtV/nQhMX/BStD5Lq7XIgYz2g=
github.com/quickfixgo/field v0.1.0/go.mod h1:Zu0qYmpj+gljlB2HgpUt9EcTIThs2lIQb8C57qbJr8o=
github.com/quickfixgo/fixt11 v0.1.0 h1:7pPnTNPa5wESbQVezLK6ExbSaqcJS2oruMUgnNNH8ZM=
github.com/quickfixgo/fixt11 v0.1.0/go.mod h1:JV9yBYvw7dx6hQZeI3rV7eJ6c3SUf5bXwSU3Eb09ok0=
github.com/quickfixgo/quickfix v0.9.1 h1:WCKHM1v8usED+8NykDoTxg1rZl84+5f6uFUsCAPEWXw=
github.com/quickfixgo/quickfix v0.9.1/go.mod h1:t5Z881dOZ2Dz5vM6KIbMCx3YpAiFPFf/iCLCSn91Qqo=
github.com/quickfixgo/tag v0.1.0 h1:R2A1Zf7CBE903+mOQlmTlfTmNZQz/yh7HunMbgcsqsA=
github.com/quickfixgo/tag v0.1.0/go.mod h1:l/drB1eO3PwN9JQTDC9Vt2EqOcaXk3kGJ+eeCQljvAI=
github.com/shopspring/decimal v1.4.0 h1:bxl37RwXBklmTi0C79JfXCEBD1cqqHt0bbgBAGFp81k=
github.com/shopspring/decimal v1.4.0/go.mod h1:gawqmDU56v4yIKSwfBSFip1HdCCXN8/+DMd9qYNcwME=
github.com/stretchr/objx v0.5.0 h1:1zr/of2m5FGMsad5YfcqgdqdWrIhu+EBEJRhR1U7z/c=
github.com/stretchr/objx v0.5.0/go.mod h1:Yh+to48EsGEfYuaHDzXPcE3xhTkx73EhmCGUpEOglKo=
github.com/stretchr/testify v1.8.4 h1:CcVxjf3Q8PM0mHUKJCdn+eZZtm5yQwehR5yeSVQQcUk=
github.com/stretchr/testify v1.8.4/go.mod h1:sz/lmYIOXD/1dqDmKjjqLyZ2RngseejIcXlSw2iwfAo=
golang.org/x/net v0.24.0 h1:1PcaxkF854Fu3+lvBIx5SYn9wRlBzzcnHZSiaFFAb0w=
golang.org/x/net v0.24.0/go.mod h1:2Q7sJY5mzlzWjKtYUEXSlBWCdyaioyXzRB2RtU8KVE8=
gopkg.in/yaml.v3 v3.0.1 h1:fxVm/GzAzEWqLHuvctI91KS9hhNmmWOoWu0XTYJS7CA=
gopkg.in/yaml.v3 v3.0.1/go.mod h1:K4uyk7z7BCEPqu6E+C64Yfv1cQ7kz7rIZviUmN+EgEM=
